
Microsoft Visual Studio Solution File, Format Version 12.00
# Visual Studio 15
VisualStudioVersion = 15.0.28307.438
MinimumVisualStudioVersion = 10.0.40219.1
Project("{8BC9CEB8-8B4A-11D0-8D11-00A0C91BC942}") = "ts_queue", "ts_queue\ts_queue.vcxproj", "{A7B15E0D-618E-418A-B4AC-D012E8E0938D}"
EndProject
Global
	GlobalSection(SolutionConfigurationPlatforms) = preSolution
		Debug|ARM = Debug|ARM
		Debug|ARM64 = Debug|ARM64
		Debug|x64 = Debug|x64
		Debug|x86 = Debug|x86
		Release|ARM = Release|ARM
		Release|ARM64 = Release|ARM64
		Release|x64 = Release|x64
		Release|x86 = Release|x86
	EndGlobalSection
	GlobalSection(ProjectConfigurationPlatforms) = postSolution
		{A7B15E0D-618E-418A-B4AC-D012E8E0938D}.Debug|ARM.ActiveCfg = Debug|ARM
		{A7B15E0D-618E-418A-B4AC-D012E8E0938D}.Debug|ARM.Build.0 = Debug|ARM
		{A7B15E0D-618E-418A-B4AC-D012E8E0938D}.Debug|ARM64.ActiveCfg = Debug|ARM64
		{A7B15E0D-618E-418A-B4AC-D012E8E0938D}.Debug|ARM64.Build.0 = Debug|ARM64
		{A7B15E0D-618E-418A-B4AC-D012E8E0938D}.Debug|x64.ActiveCfg = Debug|x64
		{A7B15E0D-618E-418A-B4AC-D012E8E0938D}.Debug|x64.Build.0 = Debug|x64
		{A7B15E0D-618E-418A-B4AC-D012E8E0938D}.Debug|x86.ActiveCfg = Debug|x86
		{A7B15E0D-618E-418A-B4AC-D012E8E0938D}.Debug|x86.Build.0 = Debug|x86
		{A7B15E0D-618E-418A-B4AC-D012E8E0938D}.Release|ARM.ActiveCfg = Release|ARM
		{A7B15E0D-618E-418A-B4AC-D012E8E0938D}.Release|ARM.Build.0 = Release|ARM
		{A7B15E0D-618E-418A-B4AC-D012E8E0938D}.Release|ARM64.ActiveCfg = Release|ARM64
		{A7B15E0D-618E-418A-B4AC-D012E8E0938D}.Release|ARM64.Build.0 = Release|ARM64
		{A7B15E0D-618E-418A-B4AC-D012E8E0938D}.Release|x64.ActiveCfg = Release|x64
		{A7B15E0D-618E-418A-B4AC-D012E8E0938D}.Release|x64.Build.0 = Release|x64
		{A7B15E0D-618E-418A-B4AC-D012E8E0938D}.Release|x86.ActiveCfg = Release|x86
		{A7B15E0D-618E-418A-B4AC-D012E8E0938D}.Release|x86.Build.0 = Release|x86
	EndGlobalSection
	GlobalSection(SolutionProperties) = preSolution
		HideSolutionNode = FALSE
	EndGlobalSection
	GlobalSection(ExtensibilityGlobals) = postSolution
		SolutionGuid = {96501A28-4543-4161-8631-709C201FA228}
	EndGlobalSection
EndGlobal
